
Microsoft Visual Studio Solution File, Format Version 12.00
# Visual Studio Version 16
VisualStudioVersion = 16.0.30330.147
MinimumVisualStudioVersion = 10.0.40219.1
Project("{FAE04EC0-301F-11D3-BF4B-00C04F79EFBC}") = "MortgageApp2", "MortgageApp2.csproj", "{C7006660-AD7F-46C1-B09D-F0E8FDD18490}"
EndProject
Global
	GlobalSection(SolutionConfigurationPlatforms) = preSolution
		Debug|Any CPU = Debug|Any CPU
		Release|Any CPU = Release|Any CPU
	EndGlobalSection
	GlobalSection(ProjectConfigurationPlatforms) = postSolution
		{C7006660-AD7F-46C1-B09D-F0E8FDD18490}.Debug|Any CPU.ActiveCfg = Debug|Any CPU
		{C7006660-AD7F-46C1-B09D-F0E8FDD18490}.Debug|Any CPU.Build.0 = Debug|Any CPU
		{C7006660-AD7F-46C1-B09D-F0E8FDD18490}.Release|Any CPU.ActiveCfg = Release|Any CPU
		{C7006660-AD7F-46C1-B09D-F0E8FDD18490}.Release|Any CPU.Build.0 = Release|Any CPU
	EndGlobalSection
	GlobalSection(SolutionProperties) = preSolution
		HideSolutionNode = FALSE
	EndGlobalSection
	GlobalSection(ExtensibilityGlobals) = postSolution
		SolutionGuid = {F6DCD60D-EB50-47AD-A135-644E92081471}
	EndGlobalSection
EndGlobal
